
Microsoft Visual Studio Solution File, Format Version 12.00
# Visual Studio Version 17
VisualStudioVersion = 17.4.33213.308
MinimumVisualStudioVersion = 10.0.40219.1
Project("{FAE04EC0-301F-11D3-BF4B-00C04F79EFBC}") = "PokerHand", "PokerHand\PokerHand.csproj", "{3F8745FF-791F-4D8A-8C03-F7FF2006CCD6}"
EndProject
Project("{FAE04EC0-301F-11D3-BF4B-00C04F79EFBC}") = "PokerHandTest", "PokerHandTest\PokerHandTest.csproj", "{10C2D372-B3FF-4B4A-904F-898C360ECAAD}"
EndProject
Global
	GlobalSection(SolutionConfigurationPlatforms) = preSolution
		Debug|Any CPU = Debug|Any CPU
		Release|Any CPU = Release|Any CPU
	EndGlobalSection
	GlobalSection(ProjectConfigurationPlatforms) = postSolution
		{3F8745FF-791F-4D8A-8C03-F7FF2006CCD6}.Debug|Any CPU.ActiveCfg = Debug|Any CPU
		{3F8745FF-791F-4D8A-8C03-F7FF2006CCD6}.Debug|Any CPU.Build.0 = Debug|Any CPU
		{3F8745FF-791F-4D8A-8C03-F7FF2006CCD6}.Release|Any CPU.ActiveCfg = Release|Any CPU
		{3F8745FF-791F-4D8A-8C03-F7FF2006CCD6}.Release|Any CPU.Build.0 = Release|Any CPU
		{10C2D372-B3FF-4B4A-904F-898C360ECAAD}.Debug|Any CPU.ActiveCfg = Debug|Any CPU
		{10C2D372-B3FF-4B4A-904F-898C360ECAAD}.Debug|Any CPU.Build.0 = Debug|Any CPU
		{10C2D372-B3FF-4B4A-904F-898C360ECAAD}.Release|Any CPU.ActiveCfg = Release|Any CPU
		{10C2D372-B3FF-4B4A-904F-898C360ECAAD}.Release|Any CPU.Build.0 = Release|Any CPU
	EndGlobalSection
	GlobalSection(SolutionProperties) = preSolution
		HideSolutionNode = FALSE
	EndGlobalSection
	GlobalSection(ExtensibilityGlobals) = postSolution
		SolutionGuid = {D527B74F-4690-43F4-8532-738B74E3C324}
	EndGlobalSection
EndGlobal
